Microsoft Visual Studio Solution File, Format Version 12.00
# Visual Studio Version 17
VisualStudioVersion = 17.5.2.0
MinimumVisualStudioVersion = 10.0.40219.1
Project("{FAE04EC0-301F-11D3-BF4B-00C04F79EFBC}") = "FlutterCliMcpServer", "FlutterCliMcpServer.csproj", "{9AE663BF-5FEA-123A-7D03-9B6734A8BEB6}"
EndProject
Global
	GlobalSection(SolutionConfigurationPlatforms) = preSolution
		Debug|Any CPU = Debug|Any CPU
		Release|Any CPU = Release|Any CPU
	EndGlobalSection
	GlobalSection(ProjectConfigurationPlatforms) = postSolution
		{9AE663BF-5FEA-123A-7D03-9B6734A8BEB6}.Debug|Any CPU.ActiveCfg = Debug|Any CPU
		{9AE663BF-5FEA-123A-7D03-9B6734A8BEB6}.Debug|Any CPU.Build.0 = Debug|Any CPU
		{9AE663BF-5FEA-123A-7D03-9B6734A8BEB6}.Release|Any CPU.ActiveCfg = Release|Any CPU
		{9AE663BF-5FEA-123A-7D03-9B6734A8BEB6}.Release|Any CPU.Build.0 = Release|Any CPU
	EndGlobalSection
	GlobalSection(SolutionProperties) = preSolution
		HideSolutionNode = FALSE
	EndGlobalSection
	GlobalSection(ExtensibilityGlobals) = postSolution
		SolutionGuid = {58D5C3EC-AEBF-4CC0-8885-2054C750B38E}
	EndGlobalSection
EndGlobal
